
Microsoft Visual Studio Solution File, Format Version 12.00
# Visual Studio 15
VisualStudioVersion = 15.0.28010.2046
MinimumVisualStudioVersion = 10.0.40219.1
Project("{9A19103F-16F7-4668-BE54-9A1E7A4F7556}") = "ArkSaveEditor", "Ark-Save-Manager\ArkSaveEditor\ArkSaveEditor.csproj", "{CA8F9500-8795-44EE-BFA0-E6A6BBE82905}"
EndProject
Project("{9A19103F-16F7-4668-BE54-9A1E7A4F7556}") = "ArkWebMapMasterServer", "ArkWebMapMasterServer\ArkWebMapMasterServer.csproj", "{E7668329-B4DE-403F-8F75-8E293EB43747}"
EndProject
Project("{9A19103F-16F7-4668-BE54-9A1E7A4F7556}") = "ArkBridgeSharedEntities", "ArkBridgeSharedEntities\ArkBridgeSharedEntities.csproj", "{F30AA03E-1117-415C-AA04-407F0DA804B8}"
EndProject
Project("{9A19103F-16F7-4668-BE54-9A1E7A4F7556}") = "ArkWebMapLauncher", "ArkWebMapLauncher\ArkWebMapLauncher.csproj", "{94E20903-8660-4ECE-8B34-4E4688970F56}"
EndProject
Project("{9A19103F-16F7-4668-BE54-9A1E7A4F7556}") = "ArkWebMapGateway", "ArkWebMapGateway\ArkWebMapGateway.csproj", "{B97FD7BA-5F17-4063-AA27-C2400B0C5B3C}"
EndProject
Project("{9A19103F-16F7-4668-BE54-9A1E7A4F7556}") = "ArkWebMapGatewayClient", "ArkWebMapGatewayClient\ArkWebMapGatewayClient.csproj", "{B8587E99-E1BF-4348-AF6C-37F4136CA310}"
EndProject
Project("{9A19103F-16F7-4668-BE54-9A1E7A4F7556}") = "ArkWebMapLightspeed", "ArkWebMapLightspeed\ArkWebMapLightspeed.csproj", "{8D7E795B-7DF1-475F-9297-B0A6ED2B3530}"
EndProject
Project("{9A19103F-16F7-4668-BE54-9A1E7A4F7556}") = "ArkWebMapLightspeedClient", "ArkWebMapLightspeedClient\ArkWebMapLightspeedClient.csproj", "{698203AA-7FED-44A4-B596-3C88A4440D5C}"
EndProject
Project("{9A19103F-16F7-4668-BE54-9A1E7A4F7556}") = "AWMLightspeedTests", "AWMLightspeedTests\AWMLightspeedTests.csproj", "{4B6B26C0-B8DD-407C-AA13-0AB2052532A0}"
EndProject
Project("{9A19103F-16F7-4668-BE54-9A1E7A4F7556}") = "ArkWebMapLauncherProviders", "ArkWebMapLauncherProviders\ArkWebMapLauncherProviders.csproj", "{F221F0E8-F428-408E-9FAC-CA098F94BF66}"
EndProject
Project("{9A19103F-16F7-4668-BE54-9A1E7A4F7556}") = "ArkWebMapAnalytics", "ArkWebMapAnalytics\ArkWebMapAnalytics.csproj", "{1775C977-A262-4817-AE25-8DDA59297C02}"
EndProject
Project("{9A19103F-16F7-4668-BE54-9A1E7A4F7556}") = "ArkWebMapDynamicTiles", "ArkWebMapDynamicTiles\ArkWebMapDynamicTiles.csproj", "{C4C74077-1614-46E5-A186-42F420A32FC5}"
EndProject
Project("{9A19103F-16F7-4668-BE54-9A1E7A4F7556}") = "LibDelta", "LibDelta\LibDelta.csproj", "{E380A964-DCBF-44C5-B9CB-1772BD808969}"
EndProject
Project("{9A19103F-16F7-4668-BE54-9A1E7A4F7556}") = "ArkWebMapOfflineData", "ArkWebMapOfflineData\ArkWebMapOfflineData.csproj", "{7290FF07-F86F-49C9-9F11-E7A394FBEABF}"
EndProject
Project("{9A19103F-16F7-4668-BE54-9A1E7A4F7556}") = "LibDeltaSystem", "..\..\LibDeltaSystem\LibDeltaSystem\LibDeltaSystem.csproj", "{CE675317-8366-4993-8C2B-8E5D068ACC4E}"
EndProject
Global
	GlobalSection(SolutionConfigurationPlatforms) = preSolution
		Debug|Any CPU = Debug|Any CPU
		Release|Any CPU = Release|Any CPU
	EndGlobalSection
	GlobalSection(ProjectConfigurationPlatforms) = postSolution
		{CA8F9500-8795-44EE-BFA0-E6A6BBE82905}.Debug|Any CPU.ActiveCfg = Debug|Any CPU
		{CA8F9500-8795-44EE-BFA0-E6A6BBE82905}.Debug|Any CPU.Build.0 = Debug|Any CPU
		{CA8F9500-8795-44EE-BFA0-E6A6BBE82905}.Release|Any CPU.ActiveCfg = Release|Any CPU
		{CA8F9500-8795-44EE-BFA0-E6A6BBE82905}.Release|Any CPU.Build.0 = Release|Any CPU
		{E7668329-B4DE-403F-8F75-8E293EB43747}.Debug|Any CPU.ActiveCfg = Debug|Any CPU
		{E7668329-B4DE-403F-8F75-8E293EB43747}.Debug|Any CPU.Build.0 = Debug|Any CPU
		{E7668329-B4DE-403F-8F75-8E293EB43747}.Release|Any CPU.ActiveCfg = Release|Any CPU
		{E7668329-B4DE-403F-8F75-8E293EB43747}.Release|Any CPU.Build.0 = Release|Any CPU
		{F30AA03E-1117-415C-AA04-407F0DA804B8}.Debug|Any CPU.ActiveCfg = Debug|Any CPU
		{F30AA03E-1117-415C-AA04-407F0DA804B8}.Debug|Any CPU.Build.0 = Debug|Any CPU
		{F30AA03E-1117-415C-AA04-407F0DA804B8}.Release|Any CPU.ActiveCfg = Release|Any CPU
		{F30AA03E-1117-415C-AA04-407F0DA804B8}.Release|Any CPU.Build.0 = Release|Any CPU
		{94E20903-8660-4ECE-8B34-4E4688970F56}.Debug|Any CPU.ActiveCfg = Debug|Any CPU
		{94E20903-8660-4ECE-8B34-4E4688970F56}.Debug|Any CPU.Build.0 = Debug|Any CPU
		{94E20903-8660-4ECE-8B34-4E4688970F56}.Release|Any CPU.ActiveCfg = Release|Any CPU
		{94E20903-8660-4ECE-8B34-4E4688970F56}.Release|Any CPU.Build.0 = Release|Any CPU
		{B97FD7BA-5F17-4063-AA27-C2400B0C5B3C}.Debug|Any CPU.ActiveCfg = Debug|Any CPU
		{B97FD7BA-5F17-4063-AA27-C2400B0C5B3C}.Debug|Any CPU.Build.0 = Debug|Any CPU
		{B97FD7BA-5F17-4063-AA27-C2400B0C5B3C}.Release|Any CPU.ActiveCfg = Release|Any CPU
		{B97FD7BA-5F17-4063-AA27-C2400B0C5B3C}.Release|Any CPU.Build.0 = Release|Any CPU
		{B8587E99-E1BF-4348-AF6C-37F4136CA310}.Debug|Any CPU.ActiveCfg = Debug|Any CPU
		{B8587E99-E1BF-4348-AF6C-37F4136CA310}.Debug|Any CPU.Build.0 = Debug|Any CPU
		{B8587E99-E1BF-4348-AF6C-37F4136CA310}.Release|Any CPU.ActiveCfg = Release|Any CPU
		{B8587E99-E1BF-4348-AF6C-37F4136CA310}.Release|Any CPU.Build.0 = Release|Any CPU
		{8D7E795B-7DF1-475F-9297-B0A6ED2B3530}.Debug|Any CPU.ActiveCfg = Debug|Any CPU
		{8D7E795B-7DF1-475F-9297-B0A6ED2B3530}.Debug|Any CPU.Build.0 = Debug|Any CPU
		{8D7E795B-7DF1-475F-9297-B0A6ED2B3530}.Release|Any CPU.ActiveCfg = Release|Any CPU
		{8D7E795B-7DF1-475F-9297-B0A6ED2B3530}.Release|Any CPU.Build.0 = Release|Any CPU
		{698203AA-7FED-44A4-B596-3C88A4440D5C}.Debug|Any CPU.ActiveCfg = Debug|Any CPU
		{698203AA-7FED-44A4-B596-3C88A4440D5C}.Debug|Any CPU.Build.0 = Debug|Any CPU
		{698203AA-7FED-44A4-B596-3C88A4440D5C}.Release|Any CPU.ActiveCfg = Release|Any CPU
		{698203AA-7FED-44A4-B596-3C88A4440D5C}.Release|Any CPU.Build.0 = Release|Any CPU
		{4B6B26C0-B8DD-407C-AA13-0AB2052532A0}.Debug|Any CPU.ActiveCfg = Debug|Any CPU
		{4B6B26C0-B8DD-407C-AA13-0AB2052532A0}.Debug|Any CPU.Build.0 = Debug|Any CPU
		{4B6B26C0-B8DD-407C-AA13-0AB2052532A0}.Release|Any CPU.ActiveCfg = Release|Any CPU
		{4B6B26C0-B8DD-407C-AA13-0AB2052532A0}.Release|Any CPU.Build.0 = Release|Any CPU
		{F221F0E8-F428-408E-9FAC-CA098F94BF66}.Debug|Any CPU.ActiveCfg = Debug|Any CPU
		{F221F0E8-F428-408E-9FAC-CA098F94BF66}.Debug|Any CPU.Build.0 = Debug|Any CPU
		{F221F0E8-F428-408E-9FAC-CA098F94BF66}.Release|Any CPU.ActiveCfg = Release|Any CPU
		{F221F0E8-F428-408E-9FAC-CA098F94BF66}.Release|Any CPU.Build.0 = Release|Any CPU
		{1775C977-A262-4817-AE25-8DDA59297C02}.Debug|Any CPU.ActiveCfg = Debug|Any CPU
		{1775C977-A262-4817-AE25-8DDA59297C02}.Debug|Any CPU.Build.0 = Debug|Any CPU
		{1775C977-A262-4817-AE25-8DDA59297C02}.Release|Any CPU.ActiveCfg = Release|Any CPU
		{1775C977-A262-4817-AE25-8DDA59297C02}.Release|Any CPU.Build.0 = Release|Any CPU
		{C4C74077-1614-46E5-A186-42F420A32FC5}.Debug|Any CPU.ActiveCfg = Debug|Any CPU
		{C4C74077-1614-46E5-A186-42F420A32FC5}.Debug|Any CPU.Build.0 = Debug|Any CPU
		{C4C74077-1614-46E5-A186-42F420A32FC5}.Release|Any CPU.ActiveCfg = Release|Any CPU
		{C4C74077-1614-46E5-A186-42F420A32FC5}.Release|Any CPU.Build.0 = Release|Any CPU
		{E380A964-DCBF-44C5-B9CB-1772BD808969}.Debug|Any CPU.ActiveCfg = Debug|Any CPU
		{E380A964-DCBF-44C5-B9CB-1772BD808969}.Debug|Any CPU.Build.0 = Debug|Any CPU
		{E380A964-DCBF-44C5-B9CB-1772BD808969}.Release|Any CPU.ActiveCfg = Release|Any CPU
		{E380A964-DCBF-44C5-B9CB-1772BD808969}.Release|Any CPU.Build.0 = Release|Any CPU
		{7290FF07-F86F-49C9-9F11-E7A394FBEABF}.Debug|Any CPU.ActiveCfg = Debug|Any CPU
		{7290FF07-F86F-49C9-9F11-E7A394FBEABF}.Debug|Any CPU.Build.0 = Debug|Any CPU
		{7290FF07-F86F-49C9-9F11-E7A394FBEABF}.Release|Any CPU.ActiveCfg = Release|Any CPU
		{7290FF07-F86F-49C9-9F11-E7A394FBEABF}.Release|Any CPU.Build.0 = Release|Any CPU
		{CE675317-8366-4993-8C2B-8E5D068ACC4E}.Debug|Any CPU.ActiveCfg = Debug|Any CPU
		{CE675317-8366-4993-8C2B-8E5D068ACC4E}.Debug|Any CPU.Build.0 = Debug|Any CPU
		{CE675317-8366-4993-8C2B-8E5D068ACC4E}.Release|Any CPU.ActiveCfg = Release|Any CPU
		{CE675317-8366-4993-8C2B-8E5D068ACC4E}.Release|Any CPU.Build.0 = Release|Any CPU
	EndGlobalSection
	GlobalSection(SolutionProperties) = preSolution
		HideSolutionNode = FALSE
	EndGlobalSection
	GlobalSection(ExtensibilityGlobals) = postSolution
		SolutionGuid = {9204B64C-8327-4790-B07C-2F9FE0BA02AA}
	EndGlobalSection
EndGlobal
