
Microsoft Visual Studio Solution File, Format Version 12.00
# Visual Studio 15
VisualStudioVersion = 15.0.28010.2046
MinimumVisualStudioVersion = 10.0.40219.1
Project("{9A19103F-16F7-4668-BE54-9A1E7A4F7556}") = "ArkHttpServer", "ArkHttpServer\ArkHttpServer.csproj", "{3B07D0EE-5227-463F-A490-79602F2CDAD2}"
EndProject
Project("{9A19103F-16F7-4668-BE54-9A1E7A4F7556}") = "ArkSaveEditor", "Ark-Save-Manager\ArkSaveEditor\ArkSaveEditor.csproj", "{CA8F9500-8795-44EE-BFA0-E6A6BBE82905}"
EndProject
Project("{9A19103F-16F7-4668-BE54-9A1E7A4F7556}") = "ArkWebMapMasterServer", "ArkWebMapMasterServer\ArkWebMapMasterServer.csproj", "{E7668329-B4DE-403F-8F75-8E293EB43747}"
EndProject
Project("{9A19103F-16F7-4668-BE54-9A1E7A4F7556}") = "ArkWebMapSlaveServer", "ArkWebMapSlaveServer\ArkWebMapSlaveServer.csproj", "{5944226B-507E-429D-8823-A865281A9C5F}"
EndProject
Project("{9A19103F-16F7-4668-BE54-9A1E7A4F7556}") = "ArkWebMapSlaveServerConsole", "ArkWebMapSlaveServerConsole\ArkWebMapSlaveServerConsole.csproj", "{CAE78088-6427-4D0F-8DD0-358631C82368}"
EndProject
Project("{9A19103F-16F7-4668-BE54-9A1E7A4F7556}") = "ArkBridgeSharedEntities", "ArkBridgeSharedEntities\ArkBridgeSharedEntities.csproj", "{F30AA03E-1117-415C-AA04-407F0DA804B8}"
EndProject
Project("{9A19103F-16F7-4668-BE54-9A1E7A4F7556}") = "ArkWebMapLauncher", "ArkWebMapLauncher\ArkWebMapLauncher.csproj", "{94E20903-8660-4ECE-8B34-4E4688970F56}"
EndProject
Project("{FAE04EC0-301F-11D3-BF4B-00C04F79EFBC}") = "ArkWebMapGateway", "ArkWebMapGateway\ArkWebMapGateway.csproj", "{B97FD7BA-5F17-4063-AA27-C2400B0C5B3C}"
EndProject
Project("{FAE04EC0-301F-11D3-BF4B-00C04F79EFBC}") = "ArkWebMapGatewayClient", "ArkWebMapGatewayClient\ArkWebMapGatewayClient.csproj", "{B8587E99-E1BF-4348-AF6C-37F4136CA310}"
EndProject
Project("{FAE04EC0-301F-11D3-BF4B-00C04F79EFBC}") = "ArkWebMapLightspeed", "ArkWebMapLightspeed\ArkWebMapLightspeed.csproj", "{8D7E795B-7DF1-475F-9297-B0A6ED2B3530}"
EndProject
Global
	GlobalSection(SolutionConfigurationPlatforms) = preSolution
		Debug|Any CPU = Debug|Any CPU
		Release|Any CPU = Release|Any CPU
	EndGlobalSection
	GlobalSection(ProjectConfigurationPlatforms) = postSolution
		{3B07D0EE-5227-463F-A490-79602F2CDAD2}.Debug|Any CPU.ActiveCfg = Debug|Any CPU
		{3B07D0EE-5227-463F-A490-79602F2CDAD2}.Debug|Any CPU.Build.0 = Debug|Any CPU
		{3B07D0EE-5227-463F-A490-79602F2CDAD2}.Release|Any CPU.ActiveCfg = Release|Any CPU
		{3B07D0EE-5227-463F-A490-79602F2CDAD2}.Release|Any CPU.Build.0 = Release|Any CPU
		{CA8F9500-8795-44EE-BFA0-E6A6BBE82905}.Debug|Any CPU.ActiveCfg = Debug|Any CPU
		{CA8F9500-8795-44EE-BFA0-E6A6BBE82905}.Debug|Any CPU.Build.0 = Debug|Any CPU
		{CA8F9500-8795-44EE-BFA0-E6A6BBE82905}.Release|Any CPU.ActiveCfg = Release|Any CPU
		{CA8F9500-8795-44EE-BFA0-E6A6BBE82905}.Release|Any CPU.Build.0 = Release|Any CPU
		{E7668329-B4DE-403F-8F75-8E293EB43747}.Debug|Any CPU.ActiveCfg = Debug|Any CPU
		{E7668329-B4DE-403F-8F75-8E293EB43747}.Debug|Any CPU.Build.0 = Debug|Any CPU
		{E7668329-B4DE-403F-8F75-8E293EB43747}.Release|Any CPU.ActiveCfg = Release|Any CPU
		{E7668329-B4DE-403F-8F75-8E293EB43747}.Release|Any CPU.Build.0 = Release|Any CPU
		{5944226B-507E-429D-8823-A865281A9C5F}.Debug|Any CPU.ActiveCfg = Debug|Any CPU
		{5944226B-507E-429D-8823-A865281A9C5F}.Debug|Any CPU.Build.0 = Debug|Any CPU
		{5944226B-507E-429D-8823-A865281A9C5F}.Release|Any CPU.ActiveCfg = Release|Any CPU
		{5944226B-507E-429D-8823-A865281A9C5F}.Release|Any CPU.Build.0 = Release|Any CPU
		{CAE78088-6427-4D0F-8DD0-358631C82368}.Debug|Any CPU.ActiveCfg = Debug|Any CPU
		{CAE78088-6427-4D0F-8DD0-358631C82368}.Debug|Any CPU.Build.0 = Debug|Any CPU
		{CAE78088-6427-4D0F-8DD0-358631C82368}.Release|Any CPU.ActiveCfg = Release|Any CPU
		{CAE78088-6427-4D0F-8DD0-358631C82368}.Release|Any CPU.Build.0 = Release|Any CPU
		{F30AA03E-1117-415C-AA04-407F0DA804B8}.Debug|Any CPU.ActiveCfg = Debug|Any CPU
		{F30AA03E-1117-415C-AA04-407F0DA804B8}.Debug|Any CPU.Build.0 = Debug|Any CPU
		{F30AA03E-1117-415C-AA04-407F0DA804B8}.Release|Any CPU.ActiveCfg = Release|Any CPU
		{F30AA03E-1117-415C-AA04-407F0DA804B8}.Release|Any CPU.Build.0 = Release|Any CPU
		{94E20903-8660-4ECE-8B34-4E4688970F56}.Debug|Any CPU.ActiveCfg = Debug|Any CPU
		{94E20903-8660-4ECE-8B34-4E4688970F56}.Debug|Any CPU.Build.0 = Debug|Any CPU
		{94E20903-8660-4ECE-8B34-4E4688970F56}.Release|Any CPU.ActiveCfg = Release|Any CPU
		{94E20903-8660-4ECE-8B34-4E4688970F56}.Release|Any CPU.Build.0 = Release|Any CPU
		{B97FD7BA-5F17-4063-AA27-C2400B0C5B3C}.Debug|Any CPU.ActiveCfg = Debug|Any CPU
		{B97FD7BA-5F17-4063-AA27-C2400B0C5B3C}.Debug|Any CPU.Build.0 = Debug|Any CPU
		{B97FD7BA-5F17-4063-AA27-C2400B0C5B3C}.Release|Any CPU.ActiveCfg = Release|Any CPU
		{B97FD7BA-5F17-4063-AA27-C2400B0C5B3C}.Release|Any CPU.Build.0 = Release|Any CPU
		{B8587E99-E1BF-4348-AF6C-37F4136CA310}.Debug|Any CPU.ActiveCfg = Debug|Any CPU
		{B8587E99-E1BF-4348-AF6C-37F4136CA310}.Debug|Any CPU.Build.0 = Debug|Any CPU
		{B8587E99-E1BF-4348-AF6C-37F4136CA310}.Release|Any CPU.ActiveCfg = Release|Any CPU
		{B8587E99-E1BF-4348-AF6C-37F4136CA310}.Release|Any CPU.Build.0 = Release|Any CPU
		{8D7E795B-7DF1-475F-9297-B0A6ED2B3530}.Debug|Any CPU.ActiveCfg = Debug|Any CPU
		{8D7E795B-7DF1-475F-9297-B0A6ED2B3530}.Debug|Any CPU.Build.0 = Debug|Any CPU
		{8D7E795B-7DF1-475F-9297-B0A6ED2B3530}.Release|Any CPU.ActiveCfg = Release|Any CPU
		{8D7E795B-7DF1-475F-9297-B0A6ED2B3530}.Release|Any CPU.Build.0 = Release|Any CPU
	EndGlobalSection
	GlobalSection(SolutionProperties) = preSolution
		HideSolutionNode = FALSE
	EndGlobalSection
	GlobalSection(ExtensibilityGlobals) = postSolution
		SolutionGuid = {9204B64C-8327-4790-B07C-2F9FE0BA02AA}
	EndGlobalSection
EndGlobal
