
Microsoft Visual Studio Solution File, Format Version 12.00
# Visual Studio 15
VisualStudioVersion = 15.0.28010.2046
MinimumVisualStudioVersion = 10.0.40219.1
Project("{9A19103F-16F7-4668-BE54-9A1E7A4F7556}") = "ArkWebMapMasterServer", "ArkWebMapMasterServer\ArkWebMapMasterServer.csproj", "{E7668329-B4DE-403F-8F75-8E293EB43747}"
EndProject
Project("{9A19103F-16F7-4668-BE54-9A1E7A4F7556}") = "LibDeltaSystem", "..\..\LibDeltaSystem\LibDeltaSystem\LibDeltaSystem.csproj", "{CE675317-8366-4993-8C2B-8E5D068ACC4E}"
EndProject
Global
	GlobalSection(SolutionConfigurationPlatforms) = preSolution
		Debug|Any CPU = Debug|Any CPU
		Release|Any CPU = Release|Any CPU
	EndGlobalSection
	GlobalSection(ProjectConfigurationPlatforms) = postSolution
		{E7668329-B4DE-403F-8F75-8E293EB43747}.Debug|Any CPU.ActiveCfg = Debug|Any CPU
		{E7668329-B4DE-403F-8F75-8E293EB43747}.Debug|Any CPU.Build.0 = Debug|Any CPU
		{E7668329-B4DE-403F-8F75-8E293EB43747}.Release|Any CPU.ActiveCfg = Release|Any CPU
		{E7668329-B4DE-403F-8F75-8E293EB43747}.Release|Any CPU.Build.0 = Release|Any CPU
		{CE675317-8366-4993-8C2B-8E5D068ACC4E}.Debug|Any CPU.ActiveCfg = Debug|Any CPU
		{CE675317-8366-4993-8C2B-8E5D068ACC4E}.Debug|Any CPU.Build.0 = Debug|Any CPU
		{CE675317-8366-4993-8C2B-8E5D068ACC4E}.Release|Any CPU.ActiveCfg = Release|Any CPU
		{CE675317-8366-4993-8C2B-8E5D068ACC4E}.Release|Any CPU.Build.0 = Release|Any CPU
	EndGlobalSection
	GlobalSection(SolutionProperties) = preSolution
		HideSolutionNode = FALSE
	EndGlobalSection
	GlobalSection(ExtensibilityGlobals) = postSolution
		SolutionGuid = {9204B64C-8327-4790-B07C-2F9FE0BA02AA}
	EndGlobalSection
EndGlobal
